
Microsoft Visual Studio Solution File, Format Version 12.00
# Visual Studio Version 17
VisualStudioVersion = 17.9.34728.123
MinimumVisualStudioVersion = 10.0.40219.1
Project("{FAE04EC0-301F-11D3-BF4B-00C04F79EFBC}") = "Bet.API", "Bet.API\Bet.API.csproj", "{CE09C1DE-B858-40C5-B7EF-6ACA244042DD}"
EndProject
Global
	GlobalSection(SolutionConfigurationPlatforms) = preSolution
		Debug|Any CPU = Debug|Any CPU
		Release|Any CPU = Release|Any CPU
	EndGlobalSection
	GlobalSection(ProjectConfigurationPlatforms) = postSolution
		{CE09C1DE-B858-40C5-B7EF-6ACA244042DD}.Debug|Any CPU.ActiveCfg = Debug|Any CPU
		{CE09C1DE-B858-40C5-B7EF-6ACA244042DD}.Debug|Any CPU.Build.0 = Debug|Any CPU
		{CE09C1DE-B858-40C5-B7EF-6ACA244042DD}.Release|Any CPU.ActiveCfg = Release|Any CPU
		{CE09C1DE-B858-40C5-B7EF-6ACA244042DD}.Release|Any CPU.Build.0 = Release|Any CPU
	EndGlobalSection
	GlobalSection(SolutionProperties) = preSolution
		HideSolutionNode = FALSE
	EndGlobalSection
	GlobalSection(ExtensibilityGlobals) = postSolution
		SolutionGuid = {2AABD840-3B23-4A17-9DAB-800617C5086C}
	EndGlobalSection
EndGlobal
